
Microsoft Visual Studio Solution File, Format Version 12.00
# Visual Studio Version 16
VisualStudioVersion = 16.0.30611.23
MinimumVisualStudioVersion = 10.0.40219.1
Project("{FAE04EC0-301F-11D3-BF4B-00C04F79EFBC}") = "Music Galaxy", "Music Galaxy.csproj", "{7F795DC6-A178-4477-BFCD-72811B110842}"
EndProject
Global
	GlobalSection(SolutionConfigurationPlatforms) = preSolution
		Debug|Any CPU = Debug|Any CPU
		Release|Any CPU = Release|Any CPU
	EndGlobalSection
	GlobalSection(ProjectConfigurationPlatforms) = postSolution
		{7F795DC6-A178-4477-BFCD-72811B110842}.Debug|Any CPU.ActiveCfg = Debug|Any CPU
		{7F795DC6-A178-4477-BFCD-72811B110842}.Debug|Any CPU.Build.0 = Debug|Any CPU
		{7F795DC6-A178-4477-BFCD-72811B110842}.Release|Any CPU.ActiveCfg = Release|Any CPU
		{7F795DC6-A178-4477-BFCD-72811B110842}.Release|Any CPU.Build.0 = Release|Any CPU
	EndGlobalSection
	GlobalSection(SolutionProperties) = preSolution
		HideSolutionNode = FALSE
	EndGlobalSection
	GlobalSection(ExtensibilityGlobals) = postSolution
		SolutionGuid = {53C4216C-6009-477D-A72E-C5C8AB4FD110}
	EndGlobalSection
EndGlobal
